// !$*UTF8*$!
{
	archiveVersion = 1;
	classes = {
	};
	objectVersion = 46;
	objects = {

/* Begin PBXBuildFile section */
		23C41B801DE99F040073668A /* recordsoundsViewController.swift in Sources */ = {isa = PBXBuildFile; fileRef = 23E90B8A1DE896DE00FE67FA /* recordsoundsViewController.swift */; };
		23C41B831DEB45260073668A /* MapKit.framework in Frameworks */ = {isa = PBXBuildFile; fileRef = 23C41B821DEB45260073668A /* MapKit.framework */; };
		23C41B861DEC6B440073668A /* PlaySoundsViewController.swift in Sources */ = {isa = PBXBuildFile; fileRef = 23C41B851DEC6B440073668A /* PlaySoundsViewController.swift */; };
		23C41B8C1DEF31EE0073668A /* playsoundsviewcontroller+audio.swift in Sources */ = {isa = PBXBuildFile; fileRef = 23C41B8B1DEF31EE0073668A /* playsoundsviewcontroller+audio.swift */; };
		23E90B891DE896DE00FE67FA /* AppDelegate.swift in Sources */ = {isa = PBXBuildFile; fileRef = 23E90B881DE896DE00FE67FA /* AppDelegate.swift */; };
		23E90B8E1DE896DE00FE67FA /* Main.storyboard in Resources */ = {isa = PBXBuildFile; fileRef = 23E90B8C1DE896DE00FE67FA /* Main.storyboard */; };
		23E90B901DE896DE00FE67FA /* Assets.xcassets in Resources */ = {isa = PBXBuildFile; fileRef = 23E90B8F1DE896DE00FE67FA /* Assets.xcassets */; };
		23E90B931DE896DE00FE67FA /* LaunchScreen.storyboard in Resources */ = {isa = PBXBuildFile; fileRef = 23E90B911DE896DE00FE67FA /* LaunchScreen.storyboard */; };
/* End PBXBuildFile section */

/* Begin PBXFileReference section */
		23C41B821DEB45260073668A /* MapKit.framework */ = {isa = PBXFileReference; lastKnownFileType = wrapper.framework; name = MapKit.framework; path = System/Library/Frameworks/MapKit.framework; sourceTree = SDKROOT; };
		23C41B841DEB45320073668A /* lortlort.entitlements */ = {isa = PBXFileReference; lastKnownFileType = text.plist.entitlements; path = lortlort.entitlements; sourceTree = "<group>"; };
		23C41B851DEC6B440073668A /* PlaySoundsViewController.swift */ = {isa = PBXFileReference; fileEncoding = 4; lastKnownFileType = sourcecode.swift; path = PlaySoundsViewController.swift; sourceTree = "<group>"; };
		23C41B8B1DEF31EE0073668A /* playsoundsviewcontroller+audio.swift */ = {isa = PBXFileReference; fileEncoding = 4; lastKnownFileType = sourcecode.swift; path = "playsoundsviewcontroller+audio.swift"; sourceTree = "<group>"; };
		23E90B851DE896DE00FE67FA /* FedLyd.app */ = {isa = PBXFileReference; explicitFileType = wrapper.application; includeInIndex = 0; path = FedLyd.app; sourceTree = BUILT_PRODUCTS_DIR; };
		23E90B881DE896DE00FE67FA /* AppDelegate.swift */ = {isa = PBXFileReference; lastKnownFileType = sourcecode.swift; path = AppDelegate.swift; sourceTree = "<group>"; };
		23E90B8A1DE896DE00FE67FA /* recordsoundsViewController.swift */ = {isa = PBXFileReference; lastKnownFileType = sourcecode.swift; name = recordsoundsViewController.swift; path = lortlort/recordsoundsViewController.swift; sourceTree = SOURCE_ROOT; };
		23E90B8D1DE896DE00FE67FA /* Base */ = {isa = PBXFileReference; lastKnownFileType = file.storyboard; name = Base; path = Base.lproj/Main.storyboard; sourceTree = "<group>"; };
		23E90B8F1DE896DE00FE67FA /* Assets.xcassets */ = {isa = PBXFileReference; lastKnownFileType = folder.assetcatalog; path = Assets.xcassets; sourceTree = "<group>"; };
		23E90B921DE896DE00FE67FA /* Base */ = {isa = PBXFileReference; lastKnownFileType = file.storyboard; name = Base; path = Base.lproj/LaunchScreen.storyboard; sourceTree = "<group>"; };
		23E90B941DE896DE00FE67FA /* Info.plist */ = {isa = PBXFileReference; lastKnownFileType = text.plist.xml; path = Info.plist; sourceTree = "<group>"; };
/* End PBXFileReference section */

/* Begin PBXFrameworksBuildPhase section */
		23E90B821DE896DE00FE67FA /* Frameworks */ = {
			isa = PBXFrameworksBuildPhase;
			buildActionMask = 2147483647;
			files = (
				23C41B831DEB45260073668A /* MapKit.framework in Frameworks */,
			);
			runOnlyForDeploymentPostprocessing = 0;
		};
/* End PBXFrameworksBuildPhase section */

/* Begin PBXGroup section */
		23C41B811DEB45260073668A /* Frameworks */ = {
			isa = PBXGroup;
			children = (
				23C41B821DEB45260073668A /* MapKit.framework */,
			);
			name = Frameworks;
			sourceTree = "<group>";
		};
		23E90B7C1DE896DE00FE67FA = {
			isa = PBXGroup;
			children = (
				23E90B871DE896DE00FE67FA /* FedLyd */,
				23E90B861DE896DE00FE67FA /* Products */,
				23C41B811DEB45260073668A /* Frameworks */,
			);
			sourceTree = "<group>";
		};
		23E90B861DE896DE00FE67FA /* Products */ = {
			isa = PBXGroup;
			children = (
				23E90B851DE896DE00FE67FA /* FedLyd.app */,
			);
			name = Products;
			sourceTree = "<group>";
		};
		23E90B871DE896DE00FE67FA /* FedLyd */ = {
			isa = PBXGroup;
			children = (
				23C41B841DEB45320073668A /* lortlort.entitlements */,
				23E90B881DE896DE00FE67FA /* AppDelegate.swift */,
				23E90B8A1DE896DE00FE67FA /* recordsoundsViewController.swift */,
				23E90B8C1DE896DE00FE67FA /* Main.storyboard */,
				23E90B8F1DE896DE00FE67FA /* Assets.xcassets */,
				23E90B911DE896DE00FE67FA /* LaunchScreen.storyboard */,
				23E90B941DE896DE00FE67FA /* Info.plist */,
				23C41B851DEC6B440073668A /* PlaySoundsViewController.swift */,
				23C41B8B1DEF31EE0073668A /* playsoundsviewcontroller+audio.swift */,
			);
			name = FedLyd;
			path = lortlort;
			sourceTree = "<group>";
		};
/* End PBXGroup section */

/* Begin PBXNativeTarget section */
		23E90B841DE896DE00FE67FA /* FedLyd */ = {
			isa = PBXNativeTarget;
			buildConfigurationList = 23E90B971DE896DE00FE67FA /* Build configuration list for PBXNativeTarget "FedLyd" */;
			buildPhases = (
				23E90B811DE896DE00FE67FA /* Sources */,
				23E90B821DE896DE00FE67FA /* Frameworks */,
				23E90B831DE896DE00FE67FA /* Resources */,
			);
			buildRules = (
			);
			dependencies = (
			);
			name = FedLyd;
			productName = lortlort;
			productReference = 23E90B851DE896DE00FE67FA /* FedLyd.app */;
			productType = "com.apple.product-type.application";
		};
/* End PBXNativeTarget section */

/* Begin PBXProject section */
		23E90B7D1DE896DE00FE67FA /* Project object */ = {
			isa = PBXProject;
			attributes = {
				LastSwiftUpdateCheck = 0810;
				LastUpgradeCheck = 0810;
				ORGANIZATIONNAME = "Carl-Johan";
				TargetAttributes = {
					23E90B841DE896DE00FE67FA = {
						CreatedOnToolsVersion = 8.1;
						DevelopmentTeam = 65MG9295K9;
						ProvisioningStyle = Automatic;
						SystemCapabilities = {
							com.apple.Keychain = {
								enabled = 0;
							};
							com.apple.Maps.iOS = {
								enabled = 0;
							};
						};
					};
				};
			};
			buildConfigurationList = 23E90B801DE896DE00FE67FA /* Build configuration list for PBXProject "FedLyd" */;
			compatibilityVersion = "Xcode 3.2";
			developmentRegion = English;
			hasScannedForEncodings = 0;
			knownRegions = (
				en,
				Base,
			);
			mainGroup = 23E90B7C1DE896DE00FE67FA;
			productRefGroup = 23E90B861DE896DE00FE67FA /* Products */;
			projectDirPath = "";
			projectRoot = "";
			targets = (
				23E90B841DE896DE00FE67FA /* FedLyd */,
			);
		};
/* End PBXProject section */

/* Begin PBXResourcesBuildPhase section */
		23E90B831DE896DE00FE67FA /* Resources */ = {
			isa = PBXResourcesBuildPhase;
			buildActionMask = 2147483647;
			files = (
				23E90B931DE896DE00FE67FA /* LaunchScreen.storyboard in Resources */,
				23E90B901DE896DE00FE67FA /* Assets.xcassets in Resources */,
				23E90B8E1DE896DE00FE67FA /* Main.storyboard in Resources */,
			);
			runOnlyForDeploymentPostprocessing = 0;
		};
/* End PBXResourcesBuildPhase section */

/* Begin PBXSourcesBuildPhase section */
		23E90B811DE896DE00FE67FA /* Sources */ = {
			isa = PBXSourcesBuildPhase;
			buildActionMask = 2147483647;
			files = (
				23C41B801DE99F040073668A /* recordsoundsViewController.swift in Sources */,
				23C41B8C1DEF31EE0073668A /* playsoundsviewcontroller+audio.swift in Sources */,
				23C41B861DEC6B440073668A /* PlaySoundsViewController.swift in Sources */,
				23E90B891DE896DE00FE67FA /* AppDelegate.swift in Sources */,
			);
			runOnlyForDeploymentPostprocessing = 0;
		};
/* End PBXSourcesBuildPhase section */

/* Begin PBXVariantGroup section */
		23E90B8C1DE896DE00FE67FA /* Main.storyboard */ = {
			isa = PBXVariantGroup;
			children = (
				23E90B8D1DE896DE00FE67FA /* Base */,
			);
			name = Main.storyboard;
			sourceTree = "<group>";
		};
		23E90B911DE896DE00FE67FA /* LaunchScreen.storyboard */ = {
			isa = PBXVariantGroup;
			children = (
				23E90B921DE896DE00FE67FA /* Base */,
			);
			name = LaunchScreen.storyboard;
			sourceTree = "<group>";
		};
/* End PBXVariantGroup section */

/* Begin XCBuildConfiguration section */
		23E90B951DE896DE00FE67FA /* Debug */ = {
			isa = XCBuildConfiguration;
			buildSettings = {
				ALWAYS_SEARCH_USER_PATHS = NO;
				CLANG_ANALYZER_NONNULL = YES;
				CLANG_CXX_LANGUAGE_STANDARD = "gnu++0x";
				CLANG_CXX_LIBRARY = "libc++";
				CLANG_ENABLE_MODULES = YES;
				CLANG_ENABLE_OBJC_ARC = YES;
				CLANG_WARN_BOOL_CONVERSION = YES;
				CLANG_WARN_CONSTANT_CONVERSION = YES;
				CLANG_WARN_DIRECT_OBJC_ISA_USAGE = YES_ERROR;
				CLANG_WARN_DOCUMENTATION_COMMENTS = YES;
				CLANG_WARN_EMPTY_BODY = YES;
				CLANG_WARN_ENUM_CONVERSION = YES;
				CLANG_WARN_INFINITE_RECURSION = YES;
				CLANG_WARN_INT_CONVERSION = YES;
				CLANG_WARN_OBJC_ROOT_CLASS = YES_ERROR;
				CLANG_WARN_SUSPICIOUS_MOVES = YES;
				CLANG_WARN_UNREACHABLE_CODE = YES;
				CLANG_WARN__DUPLICATE_METHOD_MATCH = YES;
				"CODE_SIGN_IDENTITY[sdk=iphoneos*]" = "iPhone Developer";
				COPY_PHASE_STRIP = NO;
				DEBUG_INFORMATION_FORMAT = dwarf;
				ENABLE_STRICT_OBJC_MSGSEND = YES;
				ENABLE_TESTABILITY = YES;
				GCC_C_LANGUAGE_STANDARD = gnu99;
				GCC_DYNAMIC_NO_PIC = NO;
				GCC_NO_COMMON_BLOCKS = YES;
				GCC_OPTIMIZATION_LEVEL = 0;
				GCC_PREPROCESSOR_DEFINITIONS = (
					"DEBUG=1",
					"$(inherited)",
				);
				GCC_WARN_64_TO_32_BIT_CONVERSION = YES;
				GCC_WARN_ABOUT_RETURN_TYPE = YES_ERROR;
				GCC_WARN_UNDECLARED_SELECTOR = YES;
				GCC_WARN_UNINITIALIZED_AUTOS = YES_AGGRESSIVE;
				GCC_WARN_UNUSED_FUNCTION = YES;
				GCC_WARN_UNUSED_VARIABLE = YES;
				IPHONEOS_DEPLOYMENT_TARGET = 10.1;
				MTL_ENABLE_DEBUG_INFO = YES;
				ONLY_ACTIVE_ARCH = YES;
				SDKROOT = iphoneos;
				SWIFT_ACTIVE_COMPILATION_CONDITIONS = DEBUG;
				SWIFT_OPTIMIZATION_LEVEL = "-Onone";
				TARGETED_DEVICE_FAMILY = "1,2";
			};
			name = Debug;
		};
		23E90B961DE896DE00FE67FA /* Release */ = {
			isa = XCBuildConfiguration;
			buildSettings = {
				ALWAYS_SEARCH_USER_PATHS = NO;
				CLANG_ANALYZER_NONNULL = YES;
				CLANG_CXX_LANGUAGE_STANDARD = "gnu++0x";
				CLANG_CXX_LIBRARY = "libc++";
				CLANG_ENABLE_MODULES = YES;
				CLANG_ENABLE_OBJC_ARC = YES;
				CLANG_WARN_BOOL_CONVERSION = YES;
				CLANG_WARN_CONSTANT_CONVERSION = YES;
				CLANG_WARN_DIRECT_OBJC_ISA_USAGE = YES_ERROR;
				CLANG_WARN_DOCUMENTATION_COMMENTS = YES;
				CLANG_WARN_EMPTY_BODY = YES;
				CLANG_WARN_ENUM_CONVERSION = YES;
				CLANG_WARN_INFINITE_RECURSION = YES;
				CLANG_WARN_INT_CONVERSION = YES;
				CLANG_WARN_OBJC_ROOT_CLASS = YES_ERROR;
				CLANG_WARN_SUSPICIOUS_MOVES = YES;
				CLANG_WARN_UNREACHABLE_CODE = YES;
				CLANG_WARN__DUPLICATE_METHOD_MATCH = YES;
				"CODE_SIGN_IDENTITY[sdk=iphoneos*]" = "iPhone Developer";
				COPY_PHASE_STRIP = NO;
				DEBUG_INFORMATION_FORMAT = "dwarf-with-dsym";
				ENABLE_NS_ASSERTIONS = NO;
				ENABLE_STRICT_OBJC_MSGSEND = YES;
				GCC_C_LANGUAGE_STANDARD = gnu99;
				GCC_NO_COMMON_BLOCKS = YES;
				GCC_WARN_64_TO_32_BIT_CONVERSION = YES;
				GCC_WARN_ABOUT_RETURN_TYPE = YES_ERROR;
				GCC_WARN_UNDECLARED_SELECTOR = YES;
				GCC_WARN_UNINITIALIZED_AUTOS = YES_AGGRESSIVE;
				GCC_WARN_UNUSED_FUNCTION = YES;
				GCC_WARN_UNUSED_VARIABLE = YES;
				IPHONEOS_DEPLOYMENT_TARGET = 10.1;
				MTL_ENABLE_DEBUG_INFO = NO;
				SDKROOT = iphoneos;
				SWIFT_OPTIMIZATION_LEVEL = "-Owholemodule";
				TARGETED_DEVICE_FAMILY = "1,2";
				VALIDATE_PRODUCT = YES;
			};
			name = Release;
		};
		23E90B981DE896DE00FE67FA /* Debug */ = {
			isa = XCBuildConfiguration;
			buildSettings = {
				ASSETCATALOG_COMPILER_APPICON_NAME = AppIcon;
				"CODE_SIGN_IDENTITY[sdk=iphoneos*]" = "iPhone Developer";
				DEVELOPMENT_TEAM = 65MG9295K9;
				INFOPLIST_FILE = lortlort/Info.plist;
				IPHONEOS_DEPLOYMENT_TARGET = 10.2;
				LD_RUNPATH_SEARCH_PATHS = "$(inherited) @executable_path/Frameworks";
				PRODUCT_BUNDLE_IDENTIFIER = Carljohan.lortlort;
				PRODUCT_NAME = "$(TARGET_NAME)";
				SWIFT_VERSION = 3.0;
			};
			name = Debug;
		};
		23E90B991DE896DE00FE67FA /* Release */ = {
			isa = XCBuildConfiguration;
			buildSettings = {
				ASSETCATALOG_COMPILER_APPICON_NAME = AppIcon;
				"CODE_SIGN_IDENTITY[sdk=iphoneos*]" = "iPhone Developer";
				DEVELOPMENT_TEAM = 65MG9295K9;
				INFOPLIST_FILE = lortlort/Info.plist;
				IPHONEOS_DEPLOYMENT_TARGET = 10.2;
				LD_RUNPATH_SEARCH_PATHS = "$(inherited) @executable_path/Frameworks";
				PRODUCT_BUNDLE_IDENTIFIER = Carljohan.lortlort;
				PRODUCT_NAME = "$(TARGET_NAME)";
				SWIFT_VERSION = 3.0;
			};
			name = Release;
		};
/* End XCBuildConfiguration section */

/* Begin XCConfigurationList section */
		23E90B801DE896DE00FE67FA /* Build configuration list for PBXProject "FedLyd" */ = {
			isa = XCConfigurationList;
			buildConfigurations = (
				23E90B951DE896DE00FE67FA /* Debug */,
				23E90B961DE896DE00FE67FA /* Release */,
			);
			defaultConfigurationIsVisible = 0;
			defaultConfigurationName = Release;
		};
		23E90B971DE896DE00FE67FA /* Build configuration list for PBXNativeTarget "FedLyd" */ = {
			isa = XCConfigurationList;
			buildConfigurations = (
				23E90B981DE896DE00FE67FA /* Debug */,
				23E90B991DE896DE00FE67FA /* Release */,
			);
			defaultConfigurationIsVisible = 0;
			defaultConfigurationName = Release;
		};
/* End XCConfigurationList section */
	};
	rootObject = 23E90B7D1DE896DE00FE67FA /* Project object */;
}
